{
  "lockfile_version": "1",
  "packages": {
    "github:NixOS/nixpkgs/nixpkgs-unstable": {
      "last_modified": "2025-12-26T11:10:58Z",
      "resolved": "github:NixOS/nixpkgs/c633f572eded8c4f3c75b8010129854ed404a6ce?lastModified=1766747458"
    },
    "nodejs@24": {
      "last_modified": "2025-12-21T10:48:17Z",
      "plugin_version": "0.0.2",
      "resolved": "github:NixOS/nixpkgs/306ea70f9eb0fb4e040f8540e2deab32ed7e2055#nodejs_24",
      "source": "devbox-search",
      "version": "24.12.0",
      "systems": {
        "aarch64-darwin": {
          "outputs": [
            {
              "name": "out",
              "path": "/nix/store/b1h0af3yb3z9jz048phclcqw6ihiww67-nodejs-24.12.0",
              "default": true
            },
            {
              "name": "libv8",
              "path": "/nix/store/3x72bm7l30ib7l7cximrp0sklcq8jqwy-nodejs-24.12.0-libv8"
            },
            {
              "name": "dev",
              "path": "/nix/store/ksn4nj0nbp0ikmh4scy9x4biqqdswwhy-nodejs-24.12.0-dev"
            }
          ],
          "store_path": "/nix/store/b1h0af3yb3z9jz048phclcqw6ihiww67-nodejs-24.12.0"
        },
        "aarch64-linux": {
          "outputs": [
            {
              "name": "out",
              "path": "/nix/store/9jfsyhcr9c6rpm94lrkibv75jkggvwss-nodejs-24.12.0",
              "default": true
            },
            {
              "name": "dev",
              "path": "/nix/store/7izhv9x1yvsmyrhmmyps6bxjjclajm80-nodejs-24.12.0-dev"
            },
            {
              "name": "libv8",
              "path": "/nix/store/8hl74pnc1qyz68rg10ixw7fz32hcxqkk-nodejs-24.12.0-libv8"
            }
          ],
          "store_path": "/nix/store/9jfsyhcr9c6rpm94lrkibv75jkggvwss-nodejs-24.12.0"
        },
        "x86_64-darwin": {
          "outputs": [
            {
              "name": "out",
              "path": "/nix/store/cj1243xswxvnwgifyiyg8axhn0r2vl48-nodejs-24.12.0",
              "default": true
            },
            {
              "name": "libv8",
              "path": "/nix/store/xszji81xj7ghjhz7jk0jkhb84nfwyd8f-nodejs-24.12.0-libv8"
            },
            {
              "name": "dev",
              "path": "/nix/store/kzia3rkaf9vwpn3py23q9v49jpjm6zx7-nodejs-24.12.0-dev"
            }
          ],
          "store_path": "/nix/store/cj1243xswxvnwgifyiyg8axhn0r2vl48-nodejs-24.12.0"
        },
        "x86_64-linux": {
          "outputs": [
            {
              "name": "out",
              "path": "/nix/store/9z1v3wyrxp6fpyzw21lcakd5w7aknzyc-nodejs-24.12.0",
              "default": true
            },
            {
              "name": "dev",
              "path": "/nix/store/7ll99p08gmpg0n048669p80zjibl5akr-nodejs-24.12.0-dev"
            },
            {
              "name": "libv8",
              "path": "/nix/store/5yvx909wlis13qd2y1ahwl7ij21ma69a-nodejs-24.12.0-libv8"
            }
          ],
          "store_path": "/nix/store/9z1v3wyrxp6fpyzw21lcakd5w7aknzyc-nodejs-24.12.0"
        }
      }
    },
    "task-master-ai@latest": {
      "last_modified": "2025-11-23T21:50:36Z",
      "resolved": "github:NixOS/nixpkgs/ee09932cedcef15aaf476f9343d1dea2cb77e261#task-master-ai",
      "source": "devbox-search",
      "version": "0.25.1",
      "systems": {
        "aarch64-darwin": {
          "outputs": [
            {
              "name": "out",
              "path": "/nix/store/pqyyr5ghv88f6hldpgl760hgzff2zgxa-task-master-ai-0.25.1",
              "default": true
            }
          ],
          "store_path": "/nix/store/pqyyr5ghv88f6hldpgl760hgzff2zgxa-task-master-ai-0.25.1"
        },
        "aarch64-linux": {
          "outputs": [
            {
              "name": "out",
              "path": "/nix/store/0waypj2wjw2xfrv0xsljx39dzqkma1j1-task-master-ai-0.25.1",
              "default": true
            }
          ],
          "store_path": "/nix/store/0waypj2wjw2xfrv0xsljx39dzqkma1j1-task-master-ai-0.25.1"
        },
        "x86_64-darwin": {
          "outputs": [
            {
              "name": "out",
              "path": "/nix/store/ssdx5bkjihask444r1qk0jk64kfgby01-task-master-ai-0.25.1",
              "default": true
            }
          ],
          "store_path": "/nix/store/ssdx5bkjihask444r1qk0jk64kfgby01-task-master-ai-0.25.1"
        },
        "x86_64-linux": {
          "outputs": [
            {
              "name": "out",
              "path": "/nix/store/97hwm8vhn4p0vh768bmhqa7wiycxnirv-task-master-ai-0.25.1",
              "default": true
            }
          ],
          "store_path": "/nix/store/97hwm8vhn4p0vh768bmhqa7wiycxnirv-task-master-ai-0.25.1"
        }
      }
    },
    "yq-go@4.50.1": {
      "last_modified": "2025-12-15T04:22:15Z",
      "resolved": "github:NixOS/nixpkgs/09b8fda8959d761445f12b55f380d90375a1d6bb#yq-go",
      "source": "devbox-search",
      "version": "4.50.1",
      "systems": {
        "aarch64-darwin": {
          "outputs": [
            {
              "name": "out",
              "path": "/nix/store/3y3aq58bp35iwxlbkz3d91sph50wlmls-yq-go-4.50.1",
              "default": true
            }
          ],
          "store_path": "/nix/store/3y3aq58bp35iwxlbkz3d91sph50wlmls-yq-go-4.50.1"
        },
        "aarch64-linux": {
          "outputs": [
            {
              "name": "out",
              "path": "/nix/store/1yfc76bww15qsvsqmry8k9glkql2r0z0-yq-go-4.50.1",
              "default": true
            }
          ],
          "store_path": "/nix/store/1yfc76bww15qsvsqmry8k9glkql2r0z0-yq-go-4.50.1"
        },
        "x86_64-darwin": {
          "outputs": [
            {
              "name": "out",
              "path": "/nix/store/rmyvyk5shq34zpsc8g31d0q71k75izbr-yq-go-4.50.1",
              "default": true
            }
          ],
          "store_path": "/nix/store/rmyvyk5shq34zpsc8g31d0q71k75izbr-yq-go-4.50.1"
        },
        "x86_64-linux": {
          "outputs": [
            {
              "name": "out",
              "path": "/nix/store/q19pyndq69l2ca6vcazj0bjhzfpd1kyj-yq-go-4.50.1",
              "default": true
            }
          ],
          "store_path": "/nix/store/q19pyndq69l2ca6vcazj0bjhzfpd1kyj-yq-go-4.50.1"
        }
      }
    }
  }
}
